
Microsoft Visual Studio Solution File, Format Version 12.00
# Visual Studio Version 16
VisualStudioVersion = 16.0.30523.141
MinimumVisualStudioVersion = 10.0.40219.1
Project("{8BC9CEB8-8B4A-11D0-8D11-00A0C91BC942}") = "Astar", "Astar.vcxproj", "{813B51F2-E42C-4217-A60E-D3BC72826FB6}"
EndProject
Global
	GlobalSection(SolutionConfigurationPlatforms) = preSolution
		Debug|x64 = Debug|x64
		Debug|x86 = Debug|x86
		Release|x64 = Release|x64
		Release|x86 = Release|x86
	EndGlobalSection
	GlobalSection(ProjectConfigurationPlatforms) = postSolution
		{813B51F2-E42C-4217-A60E-D3BC72826FB6}.Debug|x64.ActiveCfg = Debug|x64
		{813B51F2-E42C-4217-A60E-D3BC72826FB6}.Debug|x64.Build.0 = Debug|x64
		{813B51F2-E42C-4217-A60E-D3BC72826FB6}.Debug|x86.ActiveCfg = Debug|Win32
		{813B51F2-E42C-4217-A60E-D3BC72826FB6}.Debug|x86.Build.0 = Debug|Win32
		{813B51F2-E42C-4217-A60E-D3BC72826FB6}.Release|x64.ActiveCfg = Release|x64
		{813B51F2-E42C-4217-A60E-D3BC72826FB6}.Release|x64.Build.0 = Release|x64
		{813B51F2-E42C-4217-A60E-D3BC72826FB6}.Release|x86.ActiveCfg = Release|Win32
		{813B51F2-E42C-4217-A60E-D3BC72826FB6}.Release|x86.Build.0 = Release|Win32
	EndGlobalSection
	GlobalSection(SolutionProperties) = preSolution
		HideSolutionNode = FALSE
	EndGlobalSection
	GlobalSection(ExtensibilityGlobals) = postSolution
		SolutionGuid = {65E47B9E-5C86-4308-8AE4-1777CA6F3C1B}
	EndGlobalSection
EndGlobal
